
Microsoft Visual Studio Solution File, Format Version 12.00
# Visual Studio Version 17
VisualStudioVersion = 17.9.34607.119
MinimumVisualStudioVersion = 10.0.40219.1
Project("{FAE04EC0-301F-11D3-BF4B-00C04F79EFBC}") = "Hundeklub", "Hundeklub\Hundeklub.csproj", "{97369CF3-97E5-4C88-BF6B-E88FE194737F}"
EndProject
Global
	GlobalSection(SolutionConfigurationPlatforms) = preSolution
		Debug|Any CPU = Debug|Any CPU
		Release|Any CPU = Release|Any CPU
	EndGlobalSection
	GlobalSection(ProjectConfigurationPlatforms) = postSolution
		{97369CF3-97E5-4C88-BF6B-E88FE194737F}.Debug|Any CPU.ActiveCfg = Debug|Any CPU
		{97369CF3-97E5-4C88-BF6B-E88FE194737F}.Debug|Any CPU.Build.0 = Debug|Any CPU
		{97369CF3-97E5-4C88-BF6B-E88FE194737F}.Release|Any CPU.ActiveCfg = Release|Any CPU
		{97369CF3-97E5-4C88-BF6B-E88FE194737F}.Release|Any CPU.Build.0 = Release|Any CPU
	EndGlobalSection
	GlobalSection(SolutionProperties) = preSolution
		HideSolutionNode = FALSE
	EndGlobalSection
	GlobalSection(ExtensibilityGlobals) = postSolution
		SolutionGuid = {D175BD57-97D1-4861-A3B7-7019F1FE2B2B}
	EndGlobalSection
EndGlobal
